
Microsoft Visual Studio Solution File, Format Version 12.00
# Visual Studio Version 16
VisualStudioVersion = 16.0.30907.101
MinimumVisualStudioVersion = 10.0.40219.1
Project("{FAE04EC0-301F-11D3-BF4B-00C04F79EFBC}") = "WabiSabiWeb", "WabiSabiWeb.csproj", "{5B3711A3-6EB3-4CC5-BD33-A4147BA3C679}"
EndProject
Project("{FAE04EC0-301F-11D3-BF4B-00C04F79EFBC}") = "WabiSabiLibrary", "..\WabiSabiLibrary\WabiSabiLibrary.csproj", "{AFA82537-2348-483B-8367-C3CEC4D4E650}"
EndProject
Global
	GlobalSection(SolutionConfigurationPlatforms) = preSolution
		Debug|Any CPU = Debug|Any CPU
		Release|Any CPU = Release|Any CPU
	EndGlobalSection
	GlobalSection(ProjectConfigurationPlatforms) = postSolution
		{5B3711A3-6EB3-4CC5-BD33-A4147BA3C679}.Debug|Any CPU.ActiveCfg = Debug|Any CPU
		{5B3711A3-6EB3-4CC5-BD33-A4147BA3C679}.Debug|Any CPU.Build.0 = Debug|Any CPU
		{5B3711A3-6EB3-4CC5-BD33-A4147BA3C679}.Release|Any CPU.ActiveCfg = Release|Any CPU
		{5B3711A3-6EB3-4CC5-BD33-A4147BA3C679}.Release|Any CPU.Build.0 = Release|Any CPU
		{AFA82537-2348-483B-8367-C3CEC4D4E650}.Debug|Any CPU.ActiveCfg = Debug|Any CPU
		{AFA82537-2348-483B-8367-C3CEC4D4E650}.Debug|Any CPU.Build.0 = Debug|Any CPU
		{AFA82537-2348-483B-8367-C3CEC4D4E650}.Release|Any CPU.ActiveCfg = Release|Any CPU
		{AFA82537-2348-483B-8367-C3CEC4D4E650}.Release|Any CPU.Build.0 = Release|Any CPU
	EndGlobalSection
	GlobalSection(SolutionProperties) = preSolution
		HideSolutionNode = FALSE
	EndGlobalSection
	GlobalSection(ExtensibilityGlobals) = postSolution
		SolutionGuid = {5375A792-F5F9-4C04-87BB-B61505164C6E}
	EndGlobalSection
EndGlobal
